
Microsoft Visual Studio Solution File, Format Version 12.00
# Visual Studio Version 17
VisualStudioVersion = 17.8.34525.116
MinimumVisualStudioVersion = 10.0.40219.1
Project("{FAE04EC0-301F-11D3-BF4B-00C04F79EFBC}") = "LoginWpf", "LoginWpf\LoginWpf.csproj", "{A8B18CA2-C7A1-40FF-8A3B-7CF2FA80B3CC}"
EndProject
Global
	GlobalSection(SolutionConfigurationPlatforms) = preSolution
		Debug|Any CPU = Debug|Any CPU
		Release|Any CPU = Release|Any CPU
	EndGlobalSection
	GlobalSection(ProjectConfigurationPlatforms) = postSolution
		{A8B18CA2-C7A1-40FF-8A3B-7CF2FA80B3CC}.Debug|Any CPU.ActiveCfg = Debug|Any CPU
		{A8B18CA2-C7A1-40FF-8A3B-7CF2FA80B3CC}.Debug|Any CPU.Build.0 = Debug|Any CPU
		{A8B18CA2-C7A1-40FF-8A3B-7CF2FA80B3CC}.Release|Any CPU.ActiveCfg = Release|Any CPU
		{A8B18CA2-C7A1-40FF-8A3B-7CF2FA80B3CC}.Release|Any CPU.Build.0 = Release|Any CPU
	EndGlobalSection
	GlobalSection(SolutionProperties) = preSolution
		HideSolutionNode = FALSE
	EndGlobalSection
	GlobalSection(ExtensibilityGlobals) = postSolution
		SolutionGuid = {EF25422D-C665-4577-B21A-B7669772F255}
	EndGlobalSection
EndGlobal
